
Microsoft Visual Studio Solution File, Format Version 12.00
# Visual Studio Version 17
VisualStudioVersion = 17.4.33205.214
MinimumVisualStudioVersion = 10.0.40219.1
Project("{FAE04EC0-301F-11D3-BF4B-00C04F79EFBC}") = "NZWalks.API", "NZWalks.API\NZWalks.API.csproj", "{B3EE9141-4D92-4298-8E99-E7C245A75630}"
EndProject
Global
	GlobalSection(SolutionConfigurationPlatforms) = preSolution
		Debug|Any CPU = Debug|Any CPU
		Release|Any CPU = Release|Any CPU
	EndGlobalSection
	GlobalSection(ProjectConfigurationPlatforms) = postSolution
		{B3EE9141-4D92-4298-8E99-E7C245A75630}.Debug|Any CPU.ActiveCfg = Debug|Any CPU
		{B3EE9141-4D92-4298-8E99-E7C245A75630}.Debug|Any CPU.Build.0 = Debug|Any CPU
		{B3EE9141-4D92-4298-8E99-E7C245A75630}.Release|Any CPU.ActiveCfg = Release|Any CPU
		{B3EE9141-4D92-4298-8E99-E7C245A75630}.Release|Any CPU.Build.0 = Release|Any CPU
	EndGlobalSection
	GlobalSection(SolutionProperties) = preSolution
		HideSolutionNode = FALSE
	EndGlobalSection
	GlobalSection(ExtensibilityGlobals) = postSolution
		SolutionGuid = {202F056A-4959-4398-ACD1-55F13023EEDE}
	EndGlobalSection
EndGlobal
